
Microsoft Visual Studio Solution File, Format Version 12.00
# Visual Studio Version 17
VisualStudioVersion = 17.6.33723.286
MinimumVisualStudioVersion = 10.0.40219.1
Project("{FAE04EC0-301F-11D3-BF4B-00C04F79EFBC}") = "DemoConnector", "DemoConnector\DemoConnector.csproj", "{BA1B94B8-7056-4DD1-933B-F119B5FED988}"
EndProject
Project("{FAE04EC0-301F-11D3-BF4B-00C04F79EFBC}") = "DemoConncetor.Test", "DemoConncetor.Test\DemoConncetor.Test.csproj", "{7AFBEDE3-CADF-4842-AFB1-C53D230D7B40}"
EndProject
Project("{FAE04EC0-301F-11D3-BF4B-00C04F79EFBC}") = "TestFromConsole", "TestFromConsole\TestFromConsole.csproj", "{E2EC35A1-4A40-4098-B3BC-BA9FD3609C00}"
EndProject
Global
	GlobalSection(SolutionConfigurationPlatforms) = preSolution
		Debug|Any CPU = Debug|Any CPU
		Release|Any CPU = Release|Any CPU
	EndGlobalSection
	GlobalSection(ProjectConfigurationPlatforms) = postSolution
		{BA1B94B8-7056-4DD1-933B-F119B5FED988}.Debug|Any CPU.ActiveCfg = Debug|Any CPU
		{BA1B94B8-7056-4DD1-933B-F119B5FED988}.Debug|Any CPU.Build.0 = Debug|Any CPU
		{BA1B94B8-7056-4DD1-933B-F119B5FED988}.Release|Any CPU.ActiveCfg = Release|Any CPU
		{BA1B94B8-7056-4DD1-933B-F119B5FED988}.Release|Any CPU.Build.0 = Release|Any CPU
		{7AFBEDE3-CADF-4842-AFB1-C53D230D7B40}.Debug|Any CPU.ActiveCfg = Debug|Any CPU
		{7AFBEDE3-CADF-4842-AFB1-C53D230D7B40}.Debug|Any CPU.Build.0 = Debug|Any CPU
		{7AFBEDE3-CADF-4842-AFB1-C53D230D7B40}.Release|Any CPU.ActiveCfg = Release|Any CPU
		{7AFBEDE3-CADF-4842-AFB1-C53D230D7B40}.Release|Any CPU.Build.0 = Release|Any CPU
		{E2EC35A1-4A40-4098-B3BC-BA9FD3609C00}.Debug|Any CPU.ActiveCfg = Debug|Any CPU
		{E2EC35A1-4A40-4098-B3BC-BA9FD3609C00}.Debug|Any CPU.Build.0 = Debug|Any CPU
		{E2EC35A1-4A40-4098-B3BC-BA9FD3609C00}.Release|Any CPU.ActiveCfg = Release|Any CPU
		{E2EC35A1-4A40-4098-B3BC-BA9FD3609C00}.Release|Any CPU.Build.0 = Release|Any CPU
	EndGlobalSection
	GlobalSection(SolutionProperties) = preSolution
		HideSolutionNode = FALSE
	EndGlobalSection
	GlobalSection(ExtensibilityGlobals) = postSolution
		SolutionGuid = {78BAD97D-B5B0-42C2-AECF-9793212BB489}
	EndGlobalSection
EndGlobal
