
Microsoft Visual Studio Solution File, Format Version 12.00
# Visual Studio Version 17
VisualStudioVersion = 17.13.35806.99 d17.13
MinimumVisualStudioVersion = 10.0.40219.1
Project("{FAE04EC0-301F-11D3-BF4B-00C04F79EFBC}") = "fluent_validation", "fluent_validation\fluent_validation.csproj", "{90C71C35-A3AC-43EA-B16C-B797CA0567B8}"
EndProject
Global
	GlobalSection(SolutionConfigurationPlatforms) = preSolution
		Debug|Any CPU = Debug|Any CPU
		Release|Any CPU = Release|Any CPU
	EndGlobalSection
	GlobalSection(ProjectConfigurationPlatforms) = postSolution
		{90C71C35-A3AC-43EA-B16C-B797CA0567B8}.Debug|Any CPU.ActiveCfg = Debug|Any CPU
		{90C71C35-A3AC-43EA-B16C-B797CA0567B8}.Debug|Any CPU.Build.0 = Debug|Any CPU
		{90C71C35-A3AC-43EA-B16C-B797CA0567B8}.Release|Any CPU.ActiveCfg = Release|Any CPU
		{90C71C35-A3AC-43EA-B16C-B797CA0567B8}.Release|Any CPU.Build.0 = Release|Any CPU
	EndGlobalSection
	GlobalSection(SolutionProperties) = preSolution
		HideSolutionNode = FALSE
	EndGlobalSection
	GlobalSection(ExtensibilityGlobals) = postSolution
		SolutionGuid = {58D8AF41-F2B1-49E0-ABD3-F5A9B3BC350E}
	EndGlobalSection
EndGlobal
