
Microsoft Visual Studio Solution File, Format Version 12.00
# Visual Studio Version 17
VisualStudioVersion = 17.4.33205.214
MinimumVisualStudioVersion = 10.0.40219.1
Project("{FAE04EC0-301F-11D3-BF4B-00C04F79EFBC}") = "TestEnumValidation", "TestEnumValidation\TestEnumValidation.csproj", "{C5C06989-F9F8-4601-9972-936FC53BC91D}"
EndProject
Global
	GlobalSection(SolutionConfigurationPlatforms) = preSolution
		Debug|Any CPU = Debug|Any CPU
		Debug|x64 = Debug|x64
		Release|Any CPU = Release|Any CPU
		Release|x64 = Release|x64
	EndGlobalSection
	GlobalSection(ProjectConfigurationPlatforms) = postSolution
		{C5C06989-F9F8-4601-9972-936FC53BC91D}.Debug|Any CPU.ActiveCfg = Debug|Any CPU
		{C5C06989-F9F8-4601-9972-936FC53BC91D}.Debug|Any CPU.Build.0 = Debug|Any CPU
		{C5C06989-F9F8-4601-9972-936FC53BC91D}.Debug|x64.ActiveCfg = Debug|x64
		{C5C06989-F9F8-4601-9972-936FC53BC91D}.Debug|x64.Build.0 = Debug|x64
		{C5C06989-F9F8-4601-9972-936FC53BC91D}.Release|Any CPU.ActiveCfg = Release|Any CPU
		{C5C06989-F9F8-4601-9972-936FC53BC91D}.Release|Any CPU.Build.0 = Release|Any CPU
		{C5C06989-F9F8-4601-9972-936FC53BC91D}.Release|x64.ActiveCfg = Release|x64
		{C5C06989-F9F8-4601-9972-936FC53BC91D}.Release|x64.Build.0 = Release|x64
	EndGlobalSection
	GlobalSection(SolutionProperties) = preSolution
		HideSolutionNode = FALSE
	EndGlobalSection
	GlobalSection(ExtensibilityGlobals) = postSolution
		SolutionGuid = {A604F500-987D-499F-ACF4-CA3841D5294E}
	EndGlobalSection
EndGlobal
