
Microsoft Visual Studio Solution File, Format Version 12.00
# Visual Studio Version 17
VisualStudioVersion = 17.6.33712.159
MinimumVisualStudioVersion = 10.0.40219.1
Project("{FAE04EC0-301F-11D3-BF4B-00C04F79EFBC}") = "BasicWindowsForms", "BasicWindowsForms\BasicWindowsForms.csproj", "{B1BF59A4-CAD4-4CBF-B14E-781C1FC5CCF2}"
EndProject
Global
	GlobalSection(SolutionConfigurationPlatforms) = preSolution
		Debug|Any CPU = Debug|Any CPU
		Release|Any CPU = Release|Any CPU
	EndGlobalSection
	GlobalSection(ProjectConfigurationPlatforms) = postSolution
		{B1BF59A4-CAD4-4CBF-B14E-781C1FC5CCF2}.Debug|Any CPU.ActiveCfg = Debug|Any CPU
		{B1BF59A4-CAD4-4CBF-B14E-781C1FC5CCF2}.Debug|Any CPU.Build.0 = Debug|Any CPU
		{B1BF59A4-CAD4-4CBF-B14E-781C1FC5CCF2}.Release|Any CPU.ActiveCfg = Release|Any CPU
		{B1BF59A4-CAD4-4CBF-B14E-781C1FC5CCF2}.Release|Any CPU.Build.0 = Release|Any CPU
	EndGlobalSection
	GlobalSection(SolutionProperties) = preSolution
		HideSolutionNode = FALSE
	EndGlobalSection
	GlobalSection(ExtensibilityGlobals) = postSolution
		SolutionGuid = {CEF524D4-5281-47DA-9E6D-26C3442504E4}
	EndGlobalSection
EndGlobal
